
Microsoft Visual Studio Solution File, Format Version 12.00
# Visual Studio Version 17
VisualStudioVersion = 17.3.32929.385
MinimumVisualStudioVersion = 10.0.40219.1
Project("{9A19103F-16F7-4668-BE54-9A1E7A4F7556}") = "Carvajal.Services.Server", "Carvajal.Services\Server\Carvajal.Services.Server.csproj", "{824003CE-24E9-4471-B125-08338F96213E}"
EndProject
Project("{9A19103F-16F7-4668-BE54-9A1E7A4F7556}") = "Carvajal.Services.Client", "Carvajal.Services\Client\Carvajal.Services.Client.csproj", "{BABF45B8-6827-4CC5-A6D3-6AC05118B84B}"
EndProject
Project("{9A19103F-16F7-4668-BE54-9A1E7A4F7556}") = "Carvajal.Services.Shared", "Carvajal.Services\Shared\Carvajal.Services.Shared.csproj", "{86A401BA-F828-4A0B-8ADE-34EB9C8544AB}"
EndProject
Project("{2150E333-8FDC-42A3-9474-1A3956D46DE8}") = "1. Client", "1. Client", "{FF42268A-17F8-4C3F-913C-65723219F2E5}"
EndProject
Project("{2150E333-8FDC-42A3-9474-1A3956D46DE8}") = "2. Services", "2. Services", "{695E487E-5A75-42F7-8064-B4BADC617D1D}"
EndProject
Project("{2150E333-8FDC-42A3-9474-1A3956D46DE8}") = "3. Application", "3. Application", "{9385EE37-DC3C-4BFD-89A1-28C2AE6B918F}"
EndProject
Project("{2150E333-8FDC-42A3-9474-1A3956D46DE8}") = "4. Domain", "4. Domain", "{D949EE7F-17BC-4BDE-8B0E-B0A4D3642C97}"
EndProject
Project("{9A19103F-16F7-4668-BE54-9A1E7A4F7556}") = "Application.Interfaces", "..\..\..\Documents\CarvajalBack\Application.Interfaces\Application.Interfaces.csproj", "{18AB1C58-2497-4158-B52C-A313D8F53AD9}"
EndProject
Project("{9A19103F-16F7-4668-BE54-9A1E7A4F7556}") = "Application.Main", "..\..\..\Documents\CarvajalBack\Application.Main\Application.Main.csproj", "{D1F4A5BA-17C1-42CE-A711-42658417FB7A}"
EndProject
Project("{9A19103F-16F7-4668-BE54-9A1E7A4F7556}") = "Application.Response", "..\..\..\Documents\CarvajalBack\Application.Response\Application.Response.csproj", "{D730A600-8375-48C3-B7A3-FB3AA247A937}"
EndProject
Project("{9A19103F-16F7-4668-BE54-9A1E7A4F7556}") = "ApplicationDTO", "..\..\..\Documents\CarvajalBack\ApplicationDTO\ApplicationDTO.csproj", "{3AFD2ADA-6361-4685-9092-76EB1D8DC38C}"
EndProject
Project("{9A19103F-16F7-4668-BE54-9A1E7A4F7556}") = "Domain.Repository", "..\..\..\Documents\CarvajalBack\Domain.Repository\Domain.Repository.csproj", "{99CC9C6C-48AA-4A23-8D6F-8BAC67DD5BD1}"
EndProject
Project("{9A19103F-16F7-4668-BE54-9A1E7A4F7556}") = "Entity", "..\..\..\Documents\CarvajalBack\Entity\Entity.csproj", "{FD67E448-F4D6-4AF3-9C77-61108018C74B}"
EndProject
Project("{9A19103F-16F7-4668-BE54-9A1E7A4F7556}") = "Blazored.Toast", "Carvajal.Services\Toast\Blazored.Toast.csproj", "{277C2FD9-2C0E-4298-B3BD-F37D554AE048}"
EndProject
Global
	GlobalSection(SolutionConfigurationPlatforms) = preSolution
		Debug|Any CPU = Debug|Any CPU
		Release|Any CPU = Release|Any CPU
	EndGlobalSection
	GlobalSection(ProjectConfigurationPlatforms) = postSolution
		{824003CE-24E9-4471-B125-08338F96213E}.Debug|Any CPU.ActiveCfg = Debug|Any CPU
		{824003CE-24E9-4471-B125-08338F96213E}.Debug|Any CPU.Build.0 = Debug|Any CPU
		{824003CE-24E9-4471-B125-08338F96213E}.Release|Any CPU.ActiveCfg = Release|Any CPU
		{824003CE-24E9-4471-B125-08338F96213E}.Release|Any CPU.Build.0 = Release|Any CPU
		{BABF45B8-6827-4CC5-A6D3-6AC05118B84B}.Debug|Any CPU.ActiveCfg = Debug|Any CPU
		{BABF45B8-6827-4CC5-A6D3-6AC05118B84B}.Debug|Any CPU.Build.0 = Debug|Any CPU
		{BABF45B8-6827-4CC5-A6D3-6AC05118B84B}.Release|Any CPU.ActiveCfg = Release|Any CPU
		{BABF45B8-6827-4CC5-A6D3-6AC05118B84B}.Release|Any CPU.Build.0 = Release|Any CPU
		{86A401BA-F828-4A0B-8ADE-34EB9C8544AB}.Debug|Any CPU.ActiveCfg = Debug|Any CPU
		{86A401BA-F828-4A0B-8ADE-34EB9C8544AB}.Debug|Any CPU.Build.0 = Debug|Any CPU
		{86A401BA-F828-4A0B-8ADE-34EB9C8544AB}.Release|Any CPU.ActiveCfg = Release|Any CPU
		{86A401BA-F828-4A0B-8ADE-34EB9C8544AB}.Release|Any CPU.Build.0 = Release|Any CPU
		{18AB1C58-2497-4158-B52C-A313D8F53AD9}.Debug|Any CPU.ActiveCfg = Debug|Any CPU
		{18AB1C58-2497-4158-B52C-A313D8F53AD9}.Debug|Any CPU.Build.0 = Debug|Any CPU
		{18AB1C58-2497-4158-B52C-A313D8F53AD9}.Release|Any CPU.ActiveCfg = Release|Any CPU
		{18AB1C58-2497-4158-B52C-A313D8F53AD9}.Release|Any CPU.Build.0 = Release|Any CPU
		{D1F4A5BA-17C1-42CE-A711-42658417FB7A}.Debug|Any CPU.ActiveCfg = Debug|Any CPU
		{D1F4A5BA-17C1-42CE-A711-42658417FB7A}.Debug|Any CPU.Build.0 = Debug|Any CPU
		{D1F4A5BA-17C1-42CE-A711-42658417FB7A}.Release|Any CPU.ActiveCfg = Release|Any CPU
		{D1F4A5BA-17C1-42CE-A711-42658417FB7A}.Release|Any CPU.Build.0 = Release|Any CPU
		{D730A600-8375-48C3-B7A3-FB3AA247A937}.Debug|Any CPU.ActiveCfg = Debug|Any CPU
		{D730A600-8375-48C3-B7A3-FB3AA247A937}.Debug|Any CPU.Build.0 = Debug|Any CPU
		{D730A600-8375-48C3-B7A3-FB3AA247A937}.Release|Any CPU.ActiveCfg = Release|Any CPU
		{D730A600-8375-48C3-B7A3-FB3AA247A937}.Release|Any CPU.Build.0 = Release|Any CPU
		{3AFD2ADA-6361-4685-9092-76EB1D8DC38C}.Debug|Any CPU.ActiveCfg = Debug|Any CPU
		{3AFD2ADA-6361-4685-9092-76EB1D8DC38C}.Debug|Any CPU.Build.0 = Debug|Any CPU
		{3AFD2ADA-6361-4685-9092-76EB1D8DC38C}.Release|Any CPU.ActiveCfg = Release|Any CPU
		{3AFD2ADA-6361-4685-9092-76EB1D8DC38C}.Release|Any CPU.Build.0 = Release|Any CPU
		{99CC9C6C-48AA-4A23-8D6F-8BAC67DD5BD1}.Debug|Any CPU.ActiveCfg = Debug|Any CPU
		{99CC9C6C-48AA-4A23-8D6F-8BAC67DD5BD1}.Debug|Any CPU.Build.0 = Debug|Any CPU
		{99CC9C6C-48AA-4A23-8D6F-8BAC67DD5BD1}.Release|Any CPU.ActiveCfg = Release|Any CPU
		{99CC9C6C-48AA-4A23-8D6F-8BAC67DD5BD1}.Release|Any CPU.Build.0 = Release|Any CPU
		{FD67E448-F4D6-4AF3-9C77-61108018C74B}.Debug|Any CPU.ActiveCfg = Debug|Any CPU
		{FD67E448-F4D6-4AF3-9C77-61108018C74B}.Debug|Any CPU.Build.0 = Debug|Any CPU
		{FD67E448-F4D6-4AF3-9C77-61108018C74B}.Release|Any CPU.ActiveCfg = Release|Any CPU
		{FD67E448-F4D6-4AF3-9C77-61108018C74B}.Release|Any CPU.Build.0 = Release|Any CPU
		{277C2FD9-2C0E-4298-B3BD-F37D554AE048}.Debug|Any CPU.ActiveCfg = Debug|Any CPU
		{277C2FD9-2C0E-4298-B3BD-F37D554AE048}.Debug|Any CPU.Build.0 = Debug|Any CPU
		{277C2FD9-2C0E-4298-B3BD-F37D554AE048}.Release|Any CPU.ActiveCfg = Release|Any CPU
		{277C2FD9-2C0E-4298-B3BD-F37D554AE048}.Release|Any CPU.Build.0 = Release|Any CPU
	EndGlobalSection
	GlobalSection(SolutionProperties) = preSolution
		HideSolutionNode = FALSE
	EndGlobalSection
	GlobalSection(NestedProjects) = preSolution
		{824003CE-24E9-4471-B125-08338F96213E} = {695E487E-5A75-42F7-8064-B4BADC617D1D}
		{BABF45B8-6827-4CC5-A6D3-6AC05118B84B} = {FF42268A-17F8-4C3F-913C-65723219F2E5}
		{18AB1C58-2497-4158-B52C-A313D8F53AD9} = {9385EE37-DC3C-4BFD-89A1-28C2AE6B918F}
		{D1F4A5BA-17C1-42CE-A711-42658417FB7A} = {9385EE37-DC3C-4BFD-89A1-28C2AE6B918F}
		{D730A600-8375-48C3-B7A3-FB3AA247A937} = {9385EE37-DC3C-4BFD-89A1-28C2AE6B918F}
		{3AFD2ADA-6361-4685-9092-76EB1D8DC38C} = {9385EE37-DC3C-4BFD-89A1-28C2AE6B918F}
		{99CC9C6C-48AA-4A23-8D6F-8BAC67DD5BD1} = {D949EE7F-17BC-4BDE-8B0E-B0A4D3642C97}
		{FD67E448-F4D6-4AF3-9C77-61108018C74B} = {D949EE7F-17BC-4BDE-8B0E-B0A4D3642C97}
	EndGlobalSection
	GlobalSection(ExtensibilityGlobals) = postSolution
		SolutionGuid = {2DB66ECD-EF45-49B6-9B3D-72F81D5BEAA6}
	EndGlobalSection
EndGlobal
